{
  "version": 2,
  "dependencies": {
    "net10.0": {
      "FSharp.Core": {
        "type": "Direct",
        "requested": "[10.1.401, )",
        "resolved": "10.1.401",
        "contentHash": "/lvOK51KD8IangBYkfDVna3/HrE/r4VUnX3dI01KDspctoYXmind3POeoYkqWKeXHwiKlf6Hc9TxwSnoSCWcjw=="
      },
      "FS.GG.UI.DesignSystem": {
        "type": "Project",
        "dependencies": {
          "FS.GG.UI.Scene": "[0.4.0-preview.1, )",
          "FSharp.Core": "[10.1.401, )"
        }
      },
      "FS.GG.UI.Scene": {
        "type": "Project",
        "dependencies": {
          "FSharp.Core": "[10.1.401, )"
        }
      }
    }
  }
}