{
  "version": 2,
  "dependencies": {
    "net10.0": {
      "FSharp.Core": {
        "type": "Direct",
        "requested": "[10.1.301, )",
        "resolved": "10.1.301",
        "contentHash": "FwQFuqOA1+qQnFl6Vqg6piS83ZRuKJqXJQxOM52M5tNarT2XQ/pMvw8fOOlnhcOYvdZyje2PJ8rK/J64ZI729Q=="
      },
      "SkiaSharp": {
        "type": "Direct",
        "requested": "[4.148.0, )",
        "resolved": "4.148.0",
        "contentHash": "t+oZDnzvi0en060BFDTmJ16C0zjsiXRrtOe70luIuIi/exVZtl1obrYh8D+IoHlGtp7bqzEBVncafbAl0ttmPQ==",
        "dependencies": {
          "SkiaSharp.NativeAssets.Win32": "4.148.0",
          "SkiaSharp.NativeAssets.macOS": "4.148.0"
        }
      },
      "SkiaSharp.NativeAssets.macOS": {
        "type": "Transitive",
        "resolved": "4.148.0",
        "contentHash": "1iESVxlqNNbQUiFODuyQJ/5dYUNYwGzZBUyaKNU3pJRM8zPFUkdMW0UZcZPvd6xwrjn53HYklJyKvetXC6ri+A=="
      },
      "FS.GG.UI.Diagnostics": {
        "type": "Project",
        "dependencies": {
          "FSharp.Core": "[10.1.301, )"
        }
      },
      "FS.GG.UI.Scene": {
        "type": "Project",
        "dependencies": {
          "FSharp.Core": "[10.1.301, )"
        }
      },
      "SkiaSharp.NativeAssets.Win32": {
        "type": "CentralTransitive",
        "requested": "[4.148.0, )",
        "resolved": "4.148.0",
        "contentHash": "LegvQ9zAi9Tmot2YOLv8mcK+g3wbEYfCWUoC5JtyHaN8QrxsaMvfJ8pFPvnEOVuY8qXxs8vVqrO/x42/YaFDRA=="
      }
    }
  }
}