{
  "version": 2,
  "dependencies": {
    "net10.0": {
      "Expecto": {
        "type": "Direct",
        "requested": "[10.2.3, )",
        "resolved": "10.2.3",
        "contentHash": "mwGOvtkKfMwakKeONwWYy5RgnO7Ijx/THt50GHh8mkSPySVOW/BsOppHzNwby45uaO6X0IKpqS76BrlYgOqcIg==",
        "dependencies": {
          "FSharp.Core": "7.0.200",
          "Mono.Cecil": "[0.11.4, 1.0.0)"
        }
      },
      "FsCheck": {
        "type": "Direct",
        "requested": "[3.3.3, )",
        "resolved": "3.3.3",
        "contentHash": "FtJSNzekCwoVTJPLZwK2In1cr9PhIo6WAX/RSM7BL/jQERgnO0111+hdcN14pcog9BByJmqehBrMbjjKpHZULg==",
        "dependencies": {
          "FSharp.Core": "5.0.2"
        }
      },
      "FSharp.Core": {
        "type": "Direct",
        "requested": "[10.1.302, )",
        "resolved": "10.1.302",
        "contentHash": "bN7XMQrAQg1dyHScJ7FcsznERBkvm74LtIo1O6C5mUzgbDqSwNbDpb3+nBGaJAjDmtC/suK5Vx5pFysKY6Hm+Q=="
      },
      "Microsoft.NET.Test.Sdk": {
        "type": "Direct",
        "requested": "[18.9.0, )",
        "resolved": "18.9.0",
        "contentHash": "xIzVXa/VpKXqDWzyC/5Hw8JbFY5u9k3Jc53CpcjBiOXvkQGio484LD9FNwOiGUSMDcYL3Rcw9sNgGi5WrswlPQ==",
        "dependencies": {
          "Microsoft.CodeCoverage": "18.9.0",
          "Microsoft.TestPlatform.TestHost": "18.9.0"
        }
      },
      "YoloDev.Expecto.TestSdk": {
        "type": "Direct",
        "requested": "[0.16.0, )",
        "resolved": "0.16.0",
        "contentHash": "5hOBZkrhDUcvCDhaSSyjOzJR6+ECLFUOQ299H4QPKdtOGxYlbA04gJg3qHn2Q2Zt4VeLIERtJ7c36DHuNnWoIQ==",
        "dependencies": {
          "Expecto": "10.2.3",
          "FSharp.Core": "7.0.200",
          "Microsoft.Testing.Extensions.VSTestBridge": "2.3.0",
          "Microsoft.Testing.Platform.MSBuild": "2.3.0"
        }
      },
      "Microsoft.ApplicationInsights": {
        "type": "Transitive",
        "resolved": "2.23.0",
        "contentHash": "nWArUZTdU7iqZLycLKWe0TDms48KKGE6pONH2terYNa8REXiqixrMOkf1sk5DHGMaUTqONU2YkS4SAXBhLStgw=="
      },
      "Microsoft.CodeCoverage": {
        "type": "Transitive",
        "resolved": "18.9.0",
        "contentHash": "MtegCIKGuG0r/LCdIjoR1HgzCGIUBhR3aNdbtQpts5vMXQuqBDZ2Jsd2uFKoHFM2XrQV6ZrDf3F5oLi3SLTp8w=="
      },
      "Microsoft.Testing.Extensions.Telemetry": {
        "type": "Transitive",
        "resolved": "2.3.0",
        "contentHash": "FCdYUAK1FCNefRO9lNaFuyPVUt9F11OHsT1iTpB3ZH4onm1YWgTlT7kbxiMvDzYMim7qHwdeh7RyjgcgIqZG1Q==",
        "dependencies": {
          "Microsoft.ApplicationInsights": "2.23.0",
          "Microsoft.Testing.Platform": "2.3.0"
        }
      },
      "Microsoft.Testing.Extensions.TrxReport.Abstractions": {
        "type": "Transitive",
        "resolved": "2.3.0",
        "contentHash": "KBKLGDxNOs0IYnAnjNosGgSZjsWsvgZRh32COSiOxRExyezz6PJl67DoT5D2udmLcu1nboV7cNpFoE5irWu6YQ==",
        "dependencies": {
          "Microsoft.Testing.Platform": "2.3.0"
        }
      },
      "Microsoft.Testing.Extensions.VSTestBridge": {
        "type": "Transitive",
        "resolved": "2.3.0",
        "contentHash": "WppW0vZAUtVwUFn9hGyXDx/jJagsmcwtkZpIfHlhMrqnrpmNwFUmYLxGo3K1EaZZJ+pb1GqK3rZAuGYD/9DCpg==",
        "dependencies": {
          "Microsoft.TestPlatform.ObjectModel": "18.4.0",
          "Microsoft.Testing.Extensions.Telemetry": "2.3.0",
          "Microsoft.Testing.Extensions.TrxReport.Abstractions": "2.3.0",
          "Microsoft.Testing.Platform": "2.3.0"
        }
      },
      "Microsoft.Testing.Platform": {
        "type": "Transitive",
        "resolved": "2.3.0",
        "contentHash": "gsmLQaUN3Ddh0S4B0x0Q7IfBue7FNytJ8Bjec1JPad+9vqwIQvkgUS6fgmAJX/o3POu2xVbVbcaGhMV/2Ov9pg=="
      },
      "Microsoft.Testing.Platform.MSBuild": {
        "type": "Transitive",
        "resolved": "2.3.0",
        "contentHash": "L4faLBD6qxkW2VfF/OG/wktm4D8auBfvR2DZNwhjA4vOR4K+Vr1FiRMy4UtRYJZWgOXjwyNMfB+B7FJBchDqZQ==",
        "dependencies": {
          "Microsoft.Testing.Platform": "2.3.0"
        }
      },
      "Microsoft.TestPlatform.ObjectModel": {
        "type": "Transitive",
        "resolved": "18.9.0",
        "contentHash": "Fz/qXC52VXXopzHj7v2reCKcCqSxkTDCkEDfkNAH0vni/7qK/KLMiEYtRmnUanxO2F2g2zZZ60qCpxF0AF7URA=="
      },
      "Microsoft.TestPlatform.TestHost": {
        "type": "Transitive",
        "resolved": "18.9.0",
        "contentHash": "Oq+Pma/J86aZL72t71bcESvDszDsTjUfl6PIsuDdPoKTHZfNMhKamCfLD5fKx51W/u0KozXtJo2/3fnt0sgPxg==",
        "dependencies": {
          "Microsoft.TestPlatform.ObjectModel": "18.9.0"
        }
      },
      "Mono.Cecil": {
        "type": "Transitive",
        "resolved": "0.11.4",
        "contentHash": "IC1h5g0NeJGHIUgzM1P82ld57knhP0IcQfrYITDPXlNpMYGUrsG5TxuaWTjaeqDNQMBDNZkB8L0rBnwsY6JHuQ=="
      },
      "FS.GG.UI.Scene": {
        "type": "Project",
        "dependencies": {
          "FSharp.Core": "[10.1.302, )"
        }
      },
      "testsupport": {
        "type": "Project",
        "dependencies": {
          "FSharp.Core": "[10.1.302, )"
        }
      }
    }
  }
}