{
  "version": 2,
  "dependencies": {
    "net10.0": {
      "Expecto": {
        "type": "Direct",
        "requested": "[10.2.3, )",
        "resolved": "10.2.3",
        "contentHash": "mwGOvtkKfMwakKeONwWYy5RgnO7Ijx/THt50GHh8mkSPySVOW/BsOppHzNwby45uaO6X0IKpqS76BrlYgOqcIg==",
        "dependencies": {
          "FSharp.Core": "7.0.200",
          "Mono.Cecil": "[0.11.4, 1.0.0)"
        }
      },
      "FsCheck": {
        "type": "Direct",
        "requested": "[3.4.0, )",
        "resolved": "3.4.0",
        "contentHash": "wkWR1DORrKd46W6MEhmS4muo/0kgrtUV/AGW1ohMWemy7WukcRH8T3JjkDpn/daOHk0yVqf0CBvScU17Ab//PA==",
        "dependencies": {
          "FSharp.Core": "5.0.2"
        }
      },
      "FSharp.Core": {
        "type": "Direct",
        "requested": "[10.1.302, )",
        "resolved": "10.1.302",
        "contentHash": "bN7XMQrAQg1dyHScJ7FcsznERBkvm74LtIo1O6C5mUzgbDqSwNbDpb3+nBGaJAjDmtC/suK5Vx5pFysKY6Hm+Q=="
      },
      "Microsoft.NET.Test.Sdk": {
        "type": "Direct",
        "requested": "[18.8.1, )",
        "resolved": "18.8.1",
        "contentHash": "dknJL3/9Y3t4XuCBqnc0PevPxgLsUMmVhjwup/b1HNovA8zWcj3XsfIf7c6p05363DWcqL7X/YhDL9B+Zymv1w==",
        "dependencies": {
          "Microsoft.CodeCoverage": "18.8.1",
          "Microsoft.TestPlatform.TestHost": "18.8.1"
        }
      },
      "YoloDev.Expecto.TestSdk": {
        "type": "Direct",
        "requested": "[0.16.0, )",
        "resolved": "0.16.0",
        "contentHash": "5hOBZkrhDUcvCDhaSSyjOzJR6+ECLFUOQ299H4QPKdtOGxYlbA04gJg3qHn2Q2Zt4VeLIERtJ7c36DHuNnWoIQ==",
        "dependencies": {
          "Expecto": "10.2.3",
          "FSharp.Core": "7.0.200",
          "Microsoft.Testing.Extensions.VSTestBridge": "2.3.0",
          "Microsoft.Testing.Platform.MSBuild": "2.3.0"
        }
      },
      "Microsoft.ApplicationInsights": {
        "type": "Transitive",
        "resolved": "2.23.0",
        "contentHash": "nWArUZTdU7iqZLycLKWe0TDms48KKGE6pONH2terYNa8REXiqixrMOkf1sk5DHGMaUTqONU2YkS4SAXBhLStgw=="
      },
      "Microsoft.CodeCoverage": {
        "type": "Transitive",
        "resolved": "18.8.1",
        "contentHash": "Eclse/ZZjr4lmWzZFNN9h/OluhKL+SK/QbUyKUewgX139aGeyMEO/DkMPwuFs2MixvanTnz6891rF8UHDg+W4Q=="
      },
      "Microsoft.Testing.Extensions.Telemetry": {
        "type": "Transitive",
        "resolved": "2.3.0",
        "contentHash": "FCdYUAK1FCNefRO9lNaFuyPVUt9F11OHsT1iTpB3ZH4onm1YWgTlT7kbxiMvDzYMim7qHwdeh7RyjgcgIqZG1Q==",
        "dependencies": {
          "Microsoft.ApplicationInsights": "2.23.0",
          "Microsoft.Testing.Platform": "2.3.0"
        }
      },
      "Microsoft.Testing.Extensions.TrxReport.Abstractions": {
        "type": "Transitive",
        "resolved": "2.3.0",
        "contentHash": "KBKLGDxNOs0IYnAnjNosGgSZjsWsvgZRh32COSiOxRExyezz6PJl67DoT5D2udmLcu1nboV7cNpFoE5irWu6YQ==",
        "dependencies": {
          "Microsoft.Testing.Platform": "2.3.0"
        }
      },
      "Microsoft.Testing.Extensions.VSTestBridge": {
        "type": "Transitive",
        "resolved": "2.3.0",
        "contentHash": "WppW0vZAUtVwUFn9hGyXDx/jJagsmcwtkZpIfHlhMrqnrpmNwFUmYLxGo3K1EaZZJ+pb1GqK3rZAuGYD/9DCpg==",
        "dependencies": {
          "Microsoft.TestPlatform.ObjectModel": "18.4.0",
          "Microsoft.Testing.Extensions.Telemetry": "2.3.0",
          "Microsoft.Testing.Extensions.TrxReport.Abstractions": "2.3.0",
          "Microsoft.Testing.Platform": "2.3.0"
        }
      },
      "Microsoft.Testing.Platform": {
        "type": "Transitive",
        "resolved": "2.3.0",
        "contentHash": "gsmLQaUN3Ddh0S4B0x0Q7IfBue7FNytJ8Bjec1JPad+9vqwIQvkgUS6fgmAJX/o3POu2xVbVbcaGhMV/2Ov9pg=="
      },
      "Microsoft.Testing.Platform.MSBuild": {
        "type": "Transitive",
        "resolved": "2.3.0",
        "contentHash": "L4faLBD6qxkW2VfF/OG/wktm4D8auBfvR2DZNwhjA4vOR4K+Vr1FiRMy4UtRYJZWgOXjwyNMfB+B7FJBchDqZQ==",
        "dependencies": {
          "Microsoft.Testing.Platform": "2.3.0"
        }
      },
      "Microsoft.TestPlatform.ObjectModel": {
        "type": "Transitive",
        "resolved": "18.8.1",
        "contentHash": "qLbktNB1+b1XZLNJBTzaWVVJAd6PEzD7cgD406geMb6PcFZhp3EDNa1tctWx1+mtMU6MP/6ozVvFPC9vs2a9rw=="
      },
      "Microsoft.TestPlatform.TestHost": {
        "type": "Transitive",
        "resolved": "18.8.1",
        "contentHash": "FaQHPDTUOcE+SFTjssNPfrub2lT9Zyon4J2W/KLHt/efLJACb1TCeWXyOgh0D/4Q1e4n+S3E6mOKud+9nLZlEA==",
        "dependencies": {
          "Microsoft.TestPlatform.ObjectModel": "18.8.1"
        }
      },
      "Mono.Cecil": {
        "type": "Transitive",
        "resolved": "0.11.4",
        "contentHash": "IC1h5g0NeJGHIUgzM1P82ld57knhP0IcQfrYITDPXlNpMYGUrsG5TxuaWTjaeqDNQMBDNZkB8L0rBnwsY6JHuQ=="
      },
      "FS.GG.UI.Scene": {
        "type": "Project",
        "dependencies": {
          "FSharp.Core": "[10.1.302, )"
        }
      },
      "testsupport": {
        "type": "Project",
        "dependencies": {
          "FSharp.Core": "[10.1.302, )"
        }
      }
    }
  }
}