{
  "version": 1,
  "dependencies": {
    "net10.0": {
      "Fable.Core": {
        "type": "Direct",
        "requested": "[5.2.0, )",
        "resolved": "5.2.0",
        "contentHash": "3+HVoyYMjPGeKJEhMzRti0coDS6AkLVOWXmGwSvqokeTuwdZLyiKMoNgQrE6ZeJ0cSy9qHBB4VBpw5RAfb6zmQ==",
        "dependencies": {
          "FSharp.Core": "4.7.2"
        }
      },
      "FSharp.Core": {
        "type": "Direct",
        "requested": "[10.1.400, )",
        "resolved": "10.1.400",
        "contentHash": "H9wlZ/tWgNp+Q4WQ5aUSi3XOBXrL6z+UkR0PNeyDFyoZR3c3PbtA21B9FqlthrhEwQ6f5AtQV0JLhBBDqjjscw=="
      }
    }
  }
}